
Microsoft Visual Studio Solution File, Format Version 12.00
# Visual Studio Version 16
VisualStudioVersion = 16.0.29025.244
MinimumVisualStudioVersion = 10.0.40219.1
Project("{FAE04EC0-301F-11D3-BF4B-00C04F79EFBC}") = "calculator", "calculator\calculator.csproj", "{8CB245F1-52A8-4B08-A337-D032C93446AA}"
EndProject
Global
	GlobalSection(SolutionConfigurationPlatforms) = preSolution
		Debug|Any CPU = Debug|Any CPU
		Release|Any CPU = Release|Any CPU
	EndGlobalSection
	GlobalSection(ProjectConfigurationPlatforms) = postSolution
		{8CB245F1-52A8-4B08-A337-D032C93446AA}.Debug|Any CPU.ActiveCfg = Debug|Any CPU
		{8CB245F1-52A8-4B08-A337-D032C93446AA}.Debug|Any CPU.Build.0 = Debug|Any CPU
		{8CB245F1-52A8-4B08-A337-D032C93446AA}.Release|Any CPU.ActiveCfg = Release|Any CPU
		{8CB245F1-52A8-4B08-A337-D032C93446AA}.Release|Any CPU.Build.0 = Release|Any CPU
	EndGlobalSection
	GlobalSection(SolutionProperties) = preSolution
		HideSolutionNode = FALSE
	EndGlobalSection
	GlobalSection(ExtensibilityGlobals) = postSolution
		SolutionGuid = {86EE9D4E-8457-4E29-8A55-DC0AE79BFDAB}
	EndGlobalSection
EndGlobal
